
Microsoft Visual Studio Solution File, Format Version 12.00
# Visual Studio Version 17
VisualStudioVersion = 17.13.35931.197 d17.13
MinimumVisualStudioVersion = 10.0.40219.1
Project("{FAE04EC0-301F-11D3-BF4B-00C04F79EFBC}") = "HangOutPA", "HangOutPA\HangOutPA.csproj", "{DD18A39E-40A3-4075-8B4E-898F3B85D99D}"
EndProject
Global
	GlobalSection(SolutionConfigurationPlatforms) = preSolution
		Debug|Any CPU = Debug|Any CPU
		Release|Any CPU = Release|Any CPU
	EndGlobalSection
	GlobalSection(ProjectConfigurationPlatforms) = postSolution
		{DD18A39E-40A3-4075-8B4E-898F3B85D99D}.Debug|Any CPU.ActiveCfg = Debug|Any CPU
		{DD18A39E-40A3-4075-8B4E-898F3B85D99D}.Debug|Any CPU.Build.0 = Debug|Any CPU
		{DD18A39E-40A3-4075-8B4E-898F3B85D99D}.Debug|Any CPU.Deploy.0 = Debug|Any CPU
		{DD18A39E-40A3-4075-8B4E-898F3B85D99D}.Release|Any CPU.ActiveCfg = Release|Any CPU
		{DD18A39E-40A3-4075-8B4E-898F3B85D99D}.Release|Any CPU.Build.0 = Release|Any CPU
		{DD18A39E-40A3-4075-8B4E-898F3B85D99D}.Release|Any CPU.Deploy.0 = Release|Any CPU
	EndGlobalSection
	GlobalSection(SolutionProperties) = preSolution
		HideSolutionNode = FALSE
	EndGlobalSection
	GlobalSection(ExtensibilityGlobals) = postSolution
		SolutionGuid = {44A77FAA-87C3-4AAB-92F8-BF45EE36A117}
	EndGlobalSection
EndGlobal
